
Microsoft Visual Studio Solution File, Format Version 12.00
# Visual Studio Version 17
VisualStudioVersion = 17.5.33424.131
MinimumVisualStudioVersion = 10.0.40219.1
Project("{FAE04EC0-301F-11D3-BF4B-00C04F79EFBC}") = "Cobra.Api", "Cobra.Api\Cobra.Api.csproj", "{EDEC6F65-099A-4091-9667-1434D41C0886}"
EndProject
Project("{FAE04EC0-301F-11D3-BF4B-00C04F79EFBC}") = "Cobra.Domain", "Cobra.Domain\Cobra.Domain.csproj", "{F92ABA9A-B972-4114-814B-D2AB659E02EC}"
EndProject
Global
	GlobalSection(SolutionConfigurationPlatforms) = preSolution
		Debug|Any CPU = Debug|Any CPU
		Release|Any CPU = Release|Any CPU
	EndGlobalSection
	GlobalSection(ProjectConfigurationPlatforms) = postSolution
		{EDEC6F65-099A-4091-9667-1434D41C0886}.Debug|Any CPU.ActiveCfg = Debug|Any CPU
		{EDEC6F65-099A-4091-9667-1434D41C0886}.Debug|Any CPU.Build.0 = Debug|Any CPU
		{EDEC6F65-099A-4091-9667-1434D41C0886}.Release|Any CPU.ActiveCfg = Release|Any CPU
		{EDEC6F65-099A-4091-9667-1434D41C0886}.Release|Any CPU.Build.0 = Release|Any CPU
		{F92ABA9A-B972-4114-814B-D2AB659E02EC}.Debug|Any CPU.ActiveCfg = Debug|Any CPU
		{F92ABA9A-B972-4114-814B-D2AB659E02EC}.Debug|Any CPU.Build.0 = Debug|Any CPU
		{F92ABA9A-B972-4114-814B-D2AB659E02EC}.Release|Any CPU.ActiveCfg = Release|Any CPU
		{F92ABA9A-B972-4114-814B-D2AB659E02EC}.Release|Any CPU.Build.0 = Release|Any CPU
	EndGlobalSection
	GlobalSection(SolutionProperties) = preSolution
		HideSolutionNode = FALSE
	EndGlobalSection
	GlobalSection(ExtensibilityGlobals) = postSolution
		SolutionGuid = {D472F917-2C6D-4E21-8D82-B110417F95AB}
	EndGlobalSection
EndGlobal
